
Microsoft Visual Studio Solution File, Format Version 12.00
# Visual Studio 2013
VisualStudioVersion = 12.0.40629.0
MinimumVisualStudioVersion = 10.0.40219.1
Project("{FAE04EC0-301F-11D3-BF4B-00C04F79EFBC}") = "PegasusAutomationFramework", "ClassLibrary1\PegasusAutomationFramework.csproj", "{A81EADDF-CDA5-46E6-8E51-B140F1EFA6C2}"
EndProject
Project("{FAE04EC0-301F-11D3-BF4B-00C04F79EFBC}") = "PegasusAutomationTestScripts", "PegasusAutomationTestScripts\PegasusAutomationTestScripts.csproj", "{B7BD36F4-D4B0-4FDB-A0B7-C6307185E529}"
EndProject
Project("{FAE04EC0-301F-11D3-BF4B-00C04F79EFBC}") = "Pegasus.Pages", "Pegasus.Pages\Pegasus.Pages.csproj", "{C748EEA1-BBB5-4423-B18D-CC2EDD69304E}"
EndProject
Global
	GlobalSection(SolutionConfigurationPlatforms) = preSolution
		Debug|Any CPU = Debug|Any CPU
		Release|Any CPU = Release|Any CPU
	EndGlobalSection
	GlobalSection(ProjectConfigurationPlatforms) = postSolution
		{A81EADDF-CDA5-46E6-8E51-B140F1EFA6C2}.Debug|Any CPU.ActiveCfg = Debug|Any CPU
		{A81EADDF-CDA5-46E6-8E51-B140F1EFA6C2}.Debug|Any CPU.Build.0 = Debug|Any CPU
		{A81EADDF-CDA5-46E6-8E51-B140F1EFA6C2}.Release|Any CPU.ActiveCfg = Release|Any CPU
		{A81EADDF-CDA5-46E6-8E51-B140F1EFA6C2}.Release|Any CPU.Build.0 = Release|Any CPU
		{B7BD36F4-D4B0-4FDB-A0B7-C6307185E529}.Debug|Any CPU.ActiveCfg = Debug|Any CPU
		{B7BD36F4-D4B0-4FDB-A0B7-C6307185E529}.Debug|Any CPU.Build.0 = Debug|Any CPU
		{B7BD36F4-D4B0-4FDB-A0B7-C6307185E529}.Release|Any CPU.ActiveCfg = Release|Any CPU
		{B7BD36F4-D4B0-4FDB-A0B7-C6307185E529}.Release|Any CPU.Build.0 = Release|Any CPU
		{C748EEA1-BBB5-4423-B18D-CC2EDD69304E}.Debug|Any CPU.ActiveCfg = Debug|Any CPU
		{C748EEA1-BBB5-4423-B18D-CC2EDD69304E}.Debug|Any CPU.Build.0 = Debug|Any CPU
		{C748EEA1-BBB5-4423-B18D-CC2EDD69304E}.Release|Any CPU.ActiveCfg = Release|Any CPU
		{C748EEA1-BBB5-4423-B18D-CC2EDD69304E}.Release|Any CPU.Build.0 = Release|Any CPU
	EndGlobalSection
	GlobalSection(SolutionProperties) = preSolution
		HideSolutionNode = FALSE
	EndGlobalSection
EndGlobal
